
Microsoft Visual Studio Solution File, Format Version 11.00
# Visual Studio 2010
Project("{FAE04EC0-301F-11D3-BF4B-00C04F79EFBC}") = "0.BoxInformation_Base", "Base\0.BoxInformation_Base.csproj", "{E67300F9-72E0-4161-A506-669713480E20}"
EndProject
Project("{FAE04EC0-301F-11D3-BF4B-00C04F79EFBC}") = "2.BoxInformation_ISP", "ISP\2.BoxInformation_ISP.csproj", "{69935963-61E5-45AD-A8CC-CC214E7BD2FA}"
EndProject
Project("{FAE04EC0-301F-11D3-BF4B-00C04F79EFBC}") = "1.BoxInformation_SRP", "SRP\1.BoxInformation_SRP.csproj", "{BBFB6A3B-E9A1-4AD2-A8E0-74E10264E619}"
EndProject
Project("{FAE04EC0-301F-11D3-BF4B-00C04F79EFBC}") = "3.BoxInformation_DIP", "DIP\3.BoxInformation_DIP.csproj", "{94FB9B24-834F-43B5-88A9-743BCAB6745F}"
EndProject
Project("{FAE04EC0-301F-11D3-BF4B-00C04F79EFBC}") = "4.BoxInformation_OCP", "OCP\4.BoxInformation_OCP.csproj", "{197E4E30-F9BA-4473-B864-66825FD51053}"
EndProject
Project("{FAE04EC0-301F-11D3-BF4B-00C04F79EFBC}") = "5.BoxInformation_LSP", "LSP\5.BoxInformation_LSP.csproj", "{710103C7-B567-4BB9-9EFD-F869FFD115CB}"
EndProject
Global
	GlobalSection(SolutionConfigurationPlatforms) = preSolution
		Debug|Any CPU = Debug|Any CPU
		Release|Any CPU = Release|Any CPU
	EndGlobalSection
	GlobalSection(ProjectConfigurationPlatforms) = postSolution
		{E67300F9-72E0-4161-A506-669713480E20}.Debug|Any CPU.ActiveCfg = Debug|Any CPU
		{E67300F9-72E0-4161-A506-669713480E20}.Debug|Any CPU.Build.0 = Debug|Any CPU
		{E67300F9-72E0-4161-A506-669713480E20}.Release|Any CPU.ActiveCfg = Release|Any CPU
		{E67300F9-72E0-4161-A506-669713480E20}.Release|Any CPU.Build.0 = Release|Any CPU
		{69935963-61E5-45AD-A8CC-CC214E7BD2FA}.Debug|Any CPU.ActiveCfg = Debug|Any CPU
		{69935963-61E5-45AD-A8CC-CC214E7BD2FA}.Debug|Any CPU.Build.0 = Debug|Any CPU
		{69935963-61E5-45AD-A8CC-CC214E7BD2FA}.Release|Any CPU.ActiveCfg = Release|Any CPU
		{69935963-61E5-45AD-A8CC-CC214E7BD2FA}.Release|Any CPU.Build.0 = Release|Any CPU
		{BBFB6A3B-E9A1-4AD2-A8E0-74E10264E619}.Debug|Any CPU.ActiveCfg = Debug|Any CPU
		{BBFB6A3B-E9A1-4AD2-A8E0-74E10264E619}.Debug|Any CPU.Build.0 = Debug|Any CPU
		{BBFB6A3B-E9A1-4AD2-A8E0-74E10264E619}.Release|Any CPU.ActiveCfg = Release|Any CPU
		{BBFB6A3B-E9A1-4AD2-A8E0-74E10264E619}.Release|Any CPU.Build.0 = Release|Any CPU
		{94FB9B24-834F-43B5-88A9-743BCAB6745F}.Debug|Any CPU.ActiveCfg = Debug|Any CPU
		{94FB9B24-834F-43B5-88A9-743BCAB6745F}.Debug|Any CPU.Build.0 = Debug|Any CPU
		{94FB9B24-834F-43B5-88A9-743BCAB6745F}.Release|Any CPU.ActiveCfg = Release|Any CPU
		{94FB9B24-834F-43B5-88A9-743BCAB6745F}.Release|Any CPU.Build.0 = Release|Any CPU
		{197E4E30-F9BA-4473-B864-66825FD51053}.Debug|Any CPU.ActiveCfg = Debug|Any CPU
		{197E4E30-F9BA-4473-B864-66825FD51053}.Debug|Any CPU.Build.0 = Debug|Any CPU
		{197E4E30-F9BA-4473-B864-66825FD51053}.Release|Any CPU.ActiveCfg = Release|Any CPU
		{197E4E30-F9BA-4473-B864-66825FD51053}.Release|Any CPU.Build.0 = Release|Any CPU
		{710103C7-B567-4BB9-9EFD-F869FFD115CB}.Debug|Any CPU.ActiveCfg = Debug|Any CPU
		{710103C7-B567-4BB9-9EFD-F869FFD115CB}.Debug|Any CPU.Build.0 = Debug|Any CPU
		{710103C7-B567-4BB9-9EFD-F869FFD115CB}.Release|Any CPU.ActiveCfg = Release|Any CPU
		{710103C7-B567-4BB9-9EFD-F869FFD115CB}.Release|Any CPU.Build.0 = Release|Any CPU
	EndGlobalSection
	GlobalSection(SolutionProperties) = preSolution
		HideSolutionNode = FALSE
	EndGlobalSection
EndGlobal
